<?xml version="1.0" encoding="utf-8"?>
<Project ToolsVersion="4.0" xmlns="http://schemas.microsoft.com/developer/msbuild/2003">
  <ItemGroup>
    <Filter Include="Source Files">
      <UniqueIdentifier>{0df5f73e-0d4d-4bf4-bfaa-0a5e7efbe7ed}</UniqueIdentifier>
      <Extensions>cpp;c;cxx;rc;def;r;odl;idl;hpj;bat</Extensions>
    </Filter>
    <Filter Include="Header Files">
      <UniqueIdentifier>{324bb4db-b2cc-416a-a4ca-91dece5250a6}</UniqueIdentifier>
      <Extensions>h;hpp;hxx;hm;inl</Extensions>
    </Filter>
    <Filter Include="Resource Files">
      <UniqueIdentifier>{998a4ba6-001c-47da-a81c-1e2ec1ee0ae8}</UniqueIdentifier>
      <Extensions>ico;cur;bmp;dlg;rc2;rct;bin;rgs;gif;jpg;jpeg;jpe</Extensions>
    </Filter>
  </ItemGroup>
  <ItemGroup>
    <ClCompile Include="AskDlg.cpp">
      <Filter>Source Files</Filter>
    </ClCompile>
    <ClCompile Include="BeamDlg.cpp">
      <Filter>Source Files</Filter>
    </ClCompile>
    <ClCompile Include="BeamletDlg.cpp">
      <Filter>Source Files</Filter>
    </ClCompile>
    <ClCompile Include="BTR.cpp">
      <Filter>Source Files</Filter>
    </ClCompile>
    <ClCompile Include="BTRDoc.cpp">
      <Filter>Source Files</Filter>
    </ClCompile>
    <ClCompile Include="BTRView.cpp">
      <Filter>Source Files</Filter>
    </ClCompile>
    <ClCompile Include="CommentsDlg.cpp">
      <Filter>Source Files</Filter>
    </ClCompile>
    <ClCompile Include="config.cpp">
      <Filter>Source Files</Filter>
    </ClCompile>
    <ClCompile Include="DataView.cpp">
      <Filter>Source Files</Filter>
    </ClCompile>
    <ClCompile Include="FieldsDlg.cpp">
      <Filter>Source Files</Filter>
    </ClCompile>
    <ClCompile Include="GasDlg.cpp">
      <Filter>Source Files</Filter>
    </ClCompile>
    <ClCompile Include="InjectDlg.cpp">
      <Filter>Source Files</Filter>
    </ClCompile>
    <ClCompile Include="IonSourceDlg.cpp">
      <Filter>Source Files</Filter>
    </ClCompile>
    <ClCompile Include="LoadStepDlg.cpp">
      <Filter>Source Files</Filter>
    </ClCompile>
    <ClCompile Include="LoadView.cpp">
      <Filter>Source Files</Filter>
    </ClCompile>
    <ClCompile Include="MainFrm.cpp">
      <Filter>Source Files</Filter>
    </ClCompile>
    <ClCompile Include="MainView.cpp">
      <Filter>Source Files</Filter>
    </ClCompile>
    <ClCompile Include="MenuPop.cpp">
      <Filter>Source Files</Filter>
    </ClCompile>
    <ClCompile Include="MFDlg.cpp">
      <Filter>Source Files</Filter>
    </ClCompile>
    <ClCompile Include="NBIconfDlg.cpp">
      <Filter>Source Files</Filter>
    </ClCompile>
    <ClCompile Include="NeutrDlg.cpp">
      <Filter>Source Files</Filter>
    </ClCompile>
    <ClCompile Include="partcfg.cpp">
      <Filter>Source Files</Filter>
    </ClCompile>
    <ClCompile Include="ParticlesDlg.cpp">
      <Filter>Source Files</Filter>
    </ClCompile>
    <ClCompile Include="PlotDlg.cpp">
      <Filter>Source Files</Filter>
    </ClCompile>
    <ClCompile Include="PreviewDlg.cpp">
      <Filter>Source Files</Filter>
    </ClCompile>
    <ClCompile Include="ProjectBar.cpp">
      <Filter>Source Files</Filter>
    </ClCompile>
    <ClCompile Include="ReionDlg.cpp">
      <Filter>Source Files</Filter>
    </ClCompile>
    <ClCompile Include="RemnDlg.cpp">
      <Filter>Source Files</Filter>
    </ClCompile>
    <ClCompile Include="ResSmooth.cpp">
      <Filter>Source Files</Filter>
    </ClCompile>
    <ClCompile Include="SetView.cpp">
      <Filter>Source Files</Filter>
    </ClCompile>
    <ClCompile Include="StdAfx.cpp">
      <Filter>Source Files</Filter>
    </ClCompile>
    <ClCompile Include="SurfDlg.cpp">
      <Filter>Source Files</Filter>
    </ClCompile>
    <ClCompile Include="TaskDlg.cpp">
      <Filter>Source Files</Filter>
    </ClCompile>
    <ClCompile Include="ThickDlg.cpp">
      <Filter>Source Files</Filter>
    </ClCompile>
    <ClCompile Include="ThinDlg.cpp">
      <Filter>Source Files</Filter>
    </ClCompile>
    <ClCompile Include="ViewSizeDlg.cpp">
      <Filter>Source Files</Filter>
    </ClCompile>
    <ClCompile Include="InputDlg.cpp">
      <Filter>Header Files</Filter>
    </ClCompile>
    <ClCompile Include="InvertText.cpp">
      <Filter>Header Files</Filter>
    </ClCompile>
    <ClCompile Include="BMP_utils.cpp">
      <Filter>Header Files</Filter>
    </ClCompile>
    <ClCompile Include="Tracer.cpp">
      <Filter>Header Files</Filter>
    </ClCompile>
    <ClCompile Include="StartDlg.cpp">
      <Filter>Header Files</Filter>
    </ClCompile>
    <ClCompile Include="ThreadsDlg.cpp">
      <Filter>Header Files</Filter>
    </ClCompile>
    <ClCompile Include="PlasmaDlg.cpp">
      <Filter>Header Files</Filter>
    </ClCompile>
    <ClCompile Include="RIDDlg.cpp">
      <Filter>Header Files</Filter>
    </ClCompile>
    <ClCompile Include="NumberDlg.cpp">
      <Filter>Header Files</Filter>
    </ClCompile>
    <ClCompile Include="LevelsDlg.cpp">
      <Filter>Header Files</Filter>
    </ClCompile>
    <ClCompile Include="LimitsDlg.cpp">
      <Filter>Header Files</Filter>
    </ClCompile>
    <ClCompile Include="AddGasDlg.cpp">
      <Filter>Header Files</Filter>
    </ClCompile>
    <ClCompile Include="AtomDlg.cpp">
      <Filter>Header Files</Filter>
    </ClCompile>
    <ClCompile Include="MultiPlotDlg.cpp">
      <Filter>Header Files</Filter>
    </ClCompile>
    <ClCompile Include="SendMail.cpp">
      <Filter>Header Files</Filter>
    </ClCompile>
    <ClCompile Include="DefLoadDlg.cpp">
      <Filter>Source Files</Filter>
    </ClCompile>
  </ItemGroup>
  <ItemGroup>
    <ResourceCompile Include="BTR.rc">
      <Filter>Source Files</Filter>
    </ResourceCompile>
  </ItemGroup>
  <ItemGroup>
    <ClInclude Include="AskDlg.h">
      <Filter>Header Files</Filter>
    </ClInclude>
    <ClInclude Include="BeamDlg.h">
      <Filter>Header Files</Filter>
    </ClInclude>
    <ClInclude Include="BeamletDlg.h">
      <Filter>Header Files</Filter>
    </ClInclude>
    <ClInclude Include="BTR.h">
      <Filter>Header Files</Filter>
    </ClInclude>
    <ClInclude Include="BTRDoc.h">
      <Filter>Header Files</Filter>
    </ClInclude>
    <ClInclude Include="BTRView.h">
      <Filter>Header Files</Filter>
    </ClInclude>
    <ClInclude Include="CommentsDlg.h">
      <Filter>Header Files</Filter>
    </ClInclude>
    <ClInclude Include="config.h">
      <Filter>Header Files</Filter>
    </ClInclude>
    <ClInclude Include="DataView.h">
      <Filter>Header Files</Filter>
    </ClInclude>
    <ClInclude Include="FieldsDlg.h">
      <Filter>Header Files</Filter>
    </ClInclude>
    <ClInclude Include="GasDlg.h">
      <Filter>Header Files</Filter>
    </ClInclude>
    <ClInclude Include="InjectDlg.h">
      <Filter>Header Files</Filter>
    </ClInclude>
    <ClInclude Include="IonSourceDlg.h">
      <Filter>Header Files</Filter>
    </ClInclude>
    <ClInclude Include="LoadStepDlg.h">
      <Filter>Header Files</Filter>
    </ClInclude>
    <ClInclude Include="LoadView.h">
      <Filter>Header Files</Filter>
    </ClInclude>
    <ClInclude Include="MainFrm.h">
      <Filter>Header Files</Filter>
    </ClInclude>
    <ClInclude Include="MainView.h">
      <Filter>Header Files</Filter>
    </ClInclude>
    <ClInclude Include="MenuPop.h">
      <Filter>Header Files</Filter>
    </ClInclude>
    <ClInclude Include="MFDlg.h">
      <Filter>Header Files</Filter>
    </ClInclude>
    <ClInclude Include="NBIconfDlg.h">
      <Filter>Header Files</Filter>
    </ClInclude>
    <ClInclude Include="NeutrDlg.h">
      <Filter>Header Files</Filter>
    </ClInclude>
    <ClInclude Include="partfld.h">
      <Filter>Header Files</Filter>
    </ClInclude>
    <ClInclude Include="ParticlesDlg.h">
      <Filter>Header Files</Filter>
    </ClInclude>
    <ClInclude Include="PlotDlg.h">
      <Filter>Header Files</Filter>
    </ClInclude>
    <ClInclude Include="PreviewDlg.h">
      <Filter>Header Files</Filter>
    </ClInclude>
    <ClInclude Include="ProjectBar.h">
      <Filter>Header Files</Filter>
    </ClInclude>
    <ClInclude Include="ReionDlg.h">
      <Filter>Header Files</Filter>
    </ClInclude>
    <ClInclude Include="RemnDlg.h">
      <Filter>Header Files</Filter>
    </ClInclude>
    <ClInclude Include="Resource.h">
      <Filter>Header Files</Filter>
    </ClInclude>
    <ClInclude Include="ResSmooth.h">
      <Filter>Header Files</Filter>
    </ClInclude>
    <ClInclude Include="SetView.h">
      <Filter>Header Files</Filter>
    </ClInclude>
    <ClInclude Include="StdAfx.h">
      <Filter>Header Files</Filter>
    </ClInclude>
    <ClInclude Include="SurfDlg.h">
      <Filter>Header Files</Filter>
    </ClInclude>
    <ClInclude Include="TaskDlg.h">
      <Filter>Header Files</Filter>
    </ClInclude>
    <ClInclude Include="ThickDlg.h">
      <Filter>Header Files</Filter>
    </ClInclude>
    <ClInclude Include="ThinDlg.h">
      <Filter>Header Files</Filter>
    </ClInclude>
    <ClInclude Include="ViewSizeDlg.h">
      <Filter>Header Files</Filter>
    </ClInclude>
    <ClInclude Include="InputDlg.h">
      <Filter>Header Files</Filter>
    </ClInclude>
    <ClInclude Include="InvertText.h">
      <Filter>Header Files</Filter>
    </ClInclude>
    <ClInclude Include="BMP_utils.h">
      <Filter>Header Files</Filter>
    </ClInclude>
    <ClInclude Include="Tracer.h">
      <Filter>Header Files</Filter>
    </ClInclude>
    <ClInclude Include="StartDlg.h">
      <Filter>Header Files</Filter>
    </ClInclude>
    <ClInclude Include="ThreadsDlg.h">
      <Filter>Header Files</Filter>
    </ClInclude>
    <ClInclude Include="PlasmaDlg.h">
      <Filter>Header Files</Filter>
    </ClInclude>
    <ClInclude Include="RIDDlg.h">
      <Filter>Header Files</Filter>
    </ClInclude>
    <ClInclude Include="NumberDlg.h">
      <Filter>Header Files</Filter>
    </ClInclude>
    <ClInclude Include="LevelsDlg.h">
      <Filter>Header Files</Filter>
    </ClInclude>
    <ClInclude Include="LimitsDlg.h">
      <Filter>Header Files</Filter>
    </ClInclude>
    <ClInclude Include="AddGasDlg.h">
      <Filter>Header Files</Filter>
    </ClInclude>
    <ClInclude Include="AtomDlg.h">
      <Filter>Header Files</Filter>
    </ClInclude>
    <ClInclude Include="MultiPlotDlg.h">
      <Filter>Header Files</Filter>
    </ClInclude>
    <ClInclude Include="SendMail.h">
      <Filter>Header Files</Filter>
    </ClInclude>
    <ClInclude Include="DefLoadDlg.h">
      <Filter>Header Files</Filter>
    </ClInclude>
  </ItemGroup>
  <ItemGroup>
    <Image Include="res\BTR.ico">
      <Filter>Resource Files</Filter>
    </Image>
    <Image Include="res\BTRDoc.ico">
      <Filter>Resource Files</Filter>
    </Image>
    <Image Include="res\icon.ico">
      <Filter>Resource Files</Filter>
    </Image>
    <Image Include="res\icon1.ico">
      <Filter>Resource Files</Filter>
    </Image>
    <Image Include="res\Toolbar.bmp">
      <Filter>Resource Files</Filter>
    </Image>
    <Image Include="..\..\..\Public\Pictures\Sample Pictures\Lighthouse.bmp">
      <Filter>Resource Files</Filter>
    </Image>
    <Image Include="D:\Dlugach_ED\Pictures\onsite_23-05-2009.bmp">
      <Filter>Resource Files</Filter>
    </Image>
  </ItemGroup>
  <ItemGroup>
    <Text Include="GasKstar.txt" />
    <Text Include="ReadMe.txt" />
  </ItemGroup>
  <ItemGroup>
    <CustomBuild Include="res\BTR.rc2">
      <Filter>Resource Files</Filter>
    </CustomBuild>
  </ItemGroup>
</Project>